
Microsoft Visual Studio Solution File, Format Version 12.00
# Visual Studio Version 17
VisualStudioVersion = 17.8.34322.80
MinimumVisualStudioVersion = 10.0.40219.1
Project("{FAE04EC0-301F-11D3-BF4B-00C04F79EFBC}") = "Talabat.APIS", "Talabat.APIS\Talabat.APIS.csproj", "{371E3E61-E457-4F42-8A25-2067486FCEFD}"
EndProject
Project("{FAE04EC0-301F-11D3-BF4B-00C04F79EFBC}") = "Talabat.Core", "Talabat.Core\Talabat.Core.csproj", "{C6F3A66F-82C6-4E92-BDE6-B64E2BCDD1B8}"
EndProject
Project("{FAE04EC0-301F-11D3-BF4B-00C04F79EFBC}") = "Talabat.Repositroy", "Talabat.Repositroy\Talabat.Repositroy.csproj", "{DC063DF0-771A-4472-9B3F-D7403C6E2C72}"
EndProject
Project("{FAE04EC0-301F-11D3-BF4B-00C04F79EFBC}") = "Talabat.Service", "Talabat.Service\Talabat.Service.csproj", "{1BECC1D0-12DC-47B4-9F63-F45DA1BEA029}"
EndProject
Global
	GlobalSection(SolutionConfigurationPlatforms) = preSolution
		Debug|Any CPU = Debug|Any CPU
		Release|Any CPU = Release|Any CPU
	EndGlobalSection
	GlobalSection(ProjectConfigurationPlatforms) = postSolution
		{371E3E61-E457-4F42-8A25-2067486FCEFD}.Debug|Any CPU.ActiveCfg = Debug|Any CPU
		{371E3E61-E457-4F42-8A25-2067486FCEFD}.Debug|Any CPU.Build.0 = Debug|Any CPU
		{371E3E61-E457-4F42-8A25-2067486FCEFD}.Release|Any CPU.ActiveCfg = Release|Any CPU
		{371E3E61-E457-4F42-8A25-2067486FCEFD}.Release|Any CPU.Build.0 = Release|Any CPU
		{C6F3A66F-82C6-4E92-BDE6-B64E2BCDD1B8}.Debug|Any CPU.ActiveCfg = Debug|Any CPU
		{C6F3A66F-82C6-4E92-BDE6-B64E2BCDD1B8}.Debug|Any CPU.Build.0 = Debug|Any CPU
		{C6F3A66F-82C6-4E92-BDE6-B64E2BCDD1B8}.Release|Any CPU.ActiveCfg = Release|Any CPU
		{C6F3A66F-82C6-4E92-BDE6-B64E2BCDD1B8}.Release|Any CPU.Build.0 = Release|Any CPU
		{DC063DF0-771A-4472-9B3F-D7403C6E2C72}.Debug|Any CPU.ActiveCfg = Debug|Any CPU
		{DC063DF0-771A-4472-9B3F-D7403C6E2C72}.Debug|Any CPU.Build.0 = Debug|Any CPU
		{DC063DF0-771A-4472-9B3F-D7403C6E2C72}.Release|Any CPU.ActiveCfg = Release|Any CPU
		{DC063DF0-771A-4472-9B3F-D7403C6E2C72}.Release|Any CPU.Build.0 = Release|Any CPU
		{1BECC1D0-12DC-47B4-9F63-F45DA1BEA029}.Debug|Any CPU.ActiveCfg = Debug|Any CPU
		{1BECC1D0-12DC-47B4-9F63-F45DA1BEA029}.Debug|Any CPU.Build.0 = Debug|Any CPU
		{1BECC1D0-12DC-47B4-9F63-F45DA1BEA029}.Release|Any CPU.ActiveCfg = Release|Any CPU
		{1BECC1D0-12DC-47B4-9F63-F45DA1BEA029}.Release|Any CPU.Build.0 = Release|Any CPU
	EndGlobalSection
	GlobalSection(SolutionProperties) = preSolution
		HideSolutionNode = FALSE
	EndGlobalSection
	GlobalSection(ExtensibilityGlobals) = postSolution
		SolutionGuid = {278AC41A-D21E-44BF-B5B4-7F14ABCE9DD8}
	EndGlobalSection
EndGlobal
